// !$*UTF8*$!
{
	archiveVersion = 1;
	classes = {
	};
	objectVersion = 77;
	objects = {

/* Begin PBXContainerItemProxy section */
		8BF766B82F70EBA6005796BB /* PBXContainerItemProxy */ = {
			isa = PBXContainerItemProxy;
			containerPortal = 8BF766A22F70EBA4005796BB /* Project object */;
			proxyType = 1;
			remoteGlobalIDString = 8BF766A92F70EBA4005796BB;
			remoteInfo = HumanBodyAnalysis6RaiseHands;
		};
		8BF766C22F70EBA6005796BB /* PBXContainerItemProxy */ = {
			isa = PBXContainerItemProxy;
			containerPortal = 8BF766A22F70EBA4005796BB /* Project object */;
			proxyType = 1;
			remoteGlobalIDString = 8BF766A92F70EBA4005796BB;
			remoteInfo = HumanBodyAnalysis6RaiseHands;
		};
/* End PBXContainerItemProxy section */

/* Begin PBXFileReference section */
		8BF766AA2F70EBA4005796BB /* HumanBodyAnalysis6RaiseHands.app */ = {isa = PBXFileReference; explicitFileType = wrapper.application; includeInIndex = 0; path = HumanBodyAnalysis6RaiseHands.app; sourceTree = BUILT_PRODUCTS_DIR; };
		8BF766B72F70EBA6005796BB /* HumanBodyAnalysis6RaiseHandsTests.xctest */ = {isa = PBXFileReference; explicitFileType = wrapper.cfbundle; includeInIndex = 0; path = HumanBodyAnalysis6RaiseHandsTests.xctest; sourceTree = BUILT_PRODUCTS_DIR; };
		8BF766C12F70EBA6005796BB /* HumanBodyAnalysis6RaiseHandsUITests.xctest */ = {isa = PBXFileReference; explicitFileType = wrapper.cfbundle; includeInIndex = 0; path = HumanBodyAnalysis6RaiseHandsUITests.xctest; sourceTree = BUILT_PRODUCTS_DIR; };
/* End PBXFileReference section */

/* Begin PBXFileSystemSynchronizedRootGroup section */
		8BF766AC2F70EBA4005796BB /* HumanBodyAnalysis6RaiseHands */ = {
			isa = PBXFileSystemSynchronizedRootGroup;
			path = HumanBodyAnalysis6RaiseHands;
			sourceTree = "<group>";
		};
		8BF766BA2F70EBA6005796BB /* HumanBodyAnalysis6RaiseHandsTests */ = {
			isa = PBXFileSystemSynchronizedRootGroup;
			path = HumanBodyAnalysis6RaiseHandsTests;
			sourceTree = "<group>";
		};
		8BF766C42F70EBA6005796BB /* HumanBodyAnalysis6RaiseHandsUITests */ = {
			isa = PBXFileSystemSynchronizedRootGroup;
			path = HumanBodyAnalysis6RaiseHandsUITests;
			sourceTree = "<group>";
		};
/* End PBXFileSystemSynchronizedRootGroup section */

/* Begin PBXFrameworksBuildPhase section */
		8BF766A72F70EBA4005796BB /* Frameworks */ = {
			isa = PBXFrameworksBuildPhase;
			buildActionMask = 2147483647;
			files = (
			);
			runOnlyForDeploymentPostprocessing = 0;
		};
		8BF766B42F70EBA6005796BB /* Frameworks */ = {
			isa = PBXFrameworksBuildPhase;
			buildActionMask = 2147483647;
			files = (
			);
			runOnlyForDeploymentPostprocessing = 0;
		};
		8BF766BE2F70EBA6005796BB /* Frameworks */ = {
			isa = PBXFrameworksBuildPhase;
			buildActionMask = 2147483647;
			files = (
			);
			runOnlyForDeploymentPostprocessing = 0;
		};
/* End PBXFrameworksBuildPhase section */

/* Begin PBXGroup section */
		8BF766A12F70EBA4005796BB = {
			isa = PBXGroup;
			children = (
				8BF766AC2F70EBA4005796BB /* HumanBodyAnalysis6RaiseHands */,
				8BF766BA2F70EBA6005796BB /* HumanBodyAnalysis6RaiseHandsTests */,
				8BF766C42F70EBA6005796BB /* HumanBodyAnalysis6RaiseHandsUITests */,
				8BF766AB2F70EBA4005796BB /* Products */,
			);
			sourceTree = "<group>";
		};
		8BF766AB2F70EBA4005796BB /* Products */ = {
			isa = PBXGroup;
			children = (
				8BF766AA2F70EBA4005796BB /* HumanBodyAnalysis6RaiseHands.app */,
				8BF766B72F70EBA6005796BB /* HumanBodyAnalysis6RaiseHandsTests.xctest */,
				8BF766C12F70EBA6005796BB /* HumanBodyAnalysis6RaiseHandsUITests.xctest */,
			);
			name = Products;
			sourceTree = "<group>";
		};
/* End PBXGroup section */

/* Begin PBXNativeTarget section */
		8BF766A92F70EBA4005796BB /* HumanBodyAnalysis6RaiseHands */ = {
			isa = PBXNativeTarget;
			buildConfigurationList = 8BF766CB2F70EBA6005796BB /* Build configuration list for PBXNativeTarget "HumanBodyAnalysis6RaiseHands" */;
			buildPhases = (
				8BF766A62F70EBA4005796BB /* Sources */,
				8BF766A72F70EBA4005796BB /* Frameworks */,
				8BF766A82F70EBA4005796BB /* Resources */,
			);
			buildRules = (
			);
			dependencies = (
			);
			fileSystemSynchronizedGroups = (
				8BF766AC2F70EBA4005796BB /* HumanBodyAnalysis6RaiseHands */,
			);
			name = HumanBodyAnalysis6RaiseHands;
			packageProductDependencies = (
			);
			productName = HumanBodyAnalysis6RaiseHands;
			productReference = 8BF766AA2F70EBA4005796BB /* HumanBodyAnalysis6RaiseHands.app */;
			productType = "com.apple.product-type.application";
		};
		8BF766B62F70EBA6005796BB /* HumanBodyAnalysis6RaiseHandsTests */ = {
			isa = PBXNativeTarget;
			buildConfigurationList = 8BF766CE2F70EBA6005796BB /* Build configuration list for PBXNativeTarget "HumanBodyAnalysis6RaiseHandsTests" */;
			buildPhases = (
				8BF766B32F70EBA6005796BB /* Sources */,
				8BF766B42F70EBA6005796BB /* Frameworks */,
				8BF766B52F70EBA6005796BB /* Resources */,
			);
			buildRules = (
			);
			dependencies = (
				8BF766B92F70EBA6005796BB /* PBXTargetDependency */,
			);
			fileSystemSynchronizedGroups = (
				8BF766BA2F70EBA6005796BB /* HumanBodyAnalysis6RaiseHandsTests */,
			);
			name = HumanBodyAnalysis6RaiseHandsTests;
			packageProductDependencies = (
			);
			productName = HumanBodyAnalysis6RaiseHandsTests;
			productReference = 8BF766B72F70EBA6005796BB /* HumanBodyAnalysis6RaiseHandsTests.xctest */;
			productType = "com.apple.product-type.bundle.unit-test";
		};
		8BF766C02F70EBA6005796BB /* HumanBodyAnalysis6RaiseHandsUITests */ = {
			isa = PBXNativeTarget;
			buildConfigurationList = 8BF766D12F70EBA6005796BB /* Build configuration list for PBXNativeTarget "HumanBodyAnalysis6RaiseHandsUITests" */;
			buildPhases = (
				8BF766BD2F70EBA6005796BB /* Sources */,
				8BF766BE2F70EBA6005796BB /* Frameworks */,
				8BF766BF2F70EBA6005796BB /* Resources */,
			);
			buildRules = (
			);
			dependencies = (
				8BF766C32F70EBA6005796BB /* PBXTargetDependency */,
			);
			fileSystemSynchronizedGroups = (
				8BF766C42F70EBA6005796BB /* HumanBodyAnalysis6RaiseHandsUITests */,
			);
			name = HumanBodyAnalysis6RaiseHandsUITests;
			packageProductDependencies = (
			);
			productName = HumanBodyAnalysis6RaiseHandsUITests;
			productReference = 8BF766C12F70EBA6005796BB /* HumanBodyAnalysis6RaiseHandsUITests.xctest */;
			productType = "com.apple.product-type.bundle.ui-testing";
		};
/* End PBXNativeTarget section */

/* Begin PBXProject section */
		8BF766A22F70EBA4005796BB /* Project object */ = {
			isa = PBXProject;
			attributes = {
				BuildIndependentTargetsInParallel = 1;
				LastSwiftUpdateCheck = 2630;
				LastUpgradeCheck = 2630;
				TargetAttributes = {
					8BF766A92F70EBA4005796BB = {
						CreatedOnToolsVersion = 26.3;
					};
					8BF766B62F70EBA6005796BB = {
						CreatedOnToolsVersion = 26.3;
						TestTargetID = 8BF766A92F70EBA4005796BB;
					};
					8BF766C02F70EBA6005796BB = {
						CreatedOnToolsVersion = 26.3;
						TestTargetID = 8BF766A92F70EBA4005796BB;
					};
				};
			};
			buildConfigurationList = 8BF766A52F70EBA4005796BB /* Build configuration list for PBXProject "HumanBodyAnalysis6RaiseHands" */;
			developmentRegion = en;
			hasScannedForEncodings = 0;
			knownRegions = (
				en,
				Base,
			);
			mainGroup = 8BF766A12F70EBA4005796BB;
			minimizedProjectReferenceProxies = 1;
			preferredProjectObjectVersion = 77;
			productRefGroup = 8BF766AB2F70EBA4005796BB /* Products */;
			projectDirPath = "";
			projectRoot = "";
			targets = (
				8BF766A92F70EBA4005796BB /* HumanBodyAnalysis6RaiseHands */,
				8BF766B62F70EBA6005796BB /* HumanBodyAnalysis6RaiseHandsTests */,
				8BF766C02F70EBA6005796BB /* HumanBodyAnalysis6RaiseHandsUITests */,
			);
		};
/* End PBXProject section */

/* Begin PBXResourcesBuildPhase section */
		8BF766A82F70EBA4005796BB /* Resources */ = {
			isa = PBXResourcesBuildPhase;
			buildActionMask = 2147483647;
			files = (
			);
			runOnlyForDeploymentPostprocessing = 0;
		};
		8BF766B52F70EBA6005796BB /* Resources */ = {
			isa = PBXResourcesBuildPhase;
			buildActionMask = 2147483647;
			files = (
			);
			runOnlyForDeploymentPostprocessing = 0;
		};
		8BF766BF2F70EBA6005796BB /* Resources */ = {
			isa = PBXResourcesBuildPhase;
			buildActionMask = 2147483647;
			files = (
			);
			runOnlyForDeploymentPostprocessing = 0;
		};
/* End PBXResourcesBuildPhase section */

/* Begin PBXSourcesBuildPhase section */
		8BF766A62F70EBA4005796BB /* Sources */ = {
			isa = PBXSourcesBuildPhase;
			buildActionMask = 2147483647;
			files = (
			);
			runOnlyForDeploymentPostprocessing = 0;
		};
		8BF766B32F70EBA6005796BB /* Sources */ = {
			isa = PBXSourcesBuildPhase;
			buildActionMask = 2147483647;
			files = (
			);
			runOnlyForDeploymentPostprocessing = 0;
		};
		8BF766BD2F70EBA6005796BB /* Sources */ = {
			isa = PBXSourcesBuildPhase;
			buildActionMask = 2147483647;
			files = (
			);
			runOnlyForDeploymentPostprocessing = 0;
		};
/* End PBXSourcesBuildPhase section */

/* Begin PBXTargetDependency section */
		8BF766B92F70EBA6005796BB /* PBXTargetDependency */ = {
			isa = PBXTargetDependency;
			target = 8BF766A92F70EBA4005796BB /* HumanBodyAnalysis6RaiseHands */;
			targetProxy = 8BF766B82F70EBA6005796BB /* PBXContainerItemProxy */;
		};
		8BF766C32F70EBA6005796BB /* PBXTargetDependency */ = {
			isa = PBXTargetDependency;
			target = 8BF766A92F70EBA4005796BB /* HumanBodyAnalysis6RaiseHands */;
			targetProxy = 8BF766C22F70EBA6005796BB /* PBXContainerItemProxy */;
		};
/* End PBXTargetDependency section */

/* Begin XCBuildConfiguration section */
		8BF766C92F70EBA6005796BB /* Debug */ = {
			isa = XCBuildConfiguration;
			buildSettings = {
				ALWAYS_SEARCH_USER_PATHS = NO;
				ASSETCATALOG_COMPILER_GENERATE_SWIFT_ASSET_SYMBOL_EXTENSIONS = YES;
				CLANG_ANALYZER_NONNULL = YES;
				CLANG_ANALYZER_NUMBER_OBJECT_CONVERSION = YES_AGGRESSIVE;
				CLANG_CXX_LANGUAGE_STANDARD = "gnu++20";
				CLANG_ENABLE_MODULES = YES;
				CLANG_ENABLE_OBJC_ARC = YES;
				CLANG_ENABLE_OBJC_WEAK = YES;
				CLANG_WARN_BLOCK_CAPTURE_AUTORELEASING = YES;
				CLANG_WARN_BOOL_CONVERSION = YES;
				CLANG_WARN_COMMA = YES;
				CLANG_WARN_CONSTANT_CONVERSION = YES;
				CLANG_WARN_DEPRECATED_OBJC_IMPLEMENTATIONS = YES;
				CLANG_WARN_DIRECT_OBJC_ISA_USAGE = YES_ERROR;
				CLANG_WARN_DOCUMENTATION_COMMENTS = YES;
				CLANG_WARN_EMPTY_BODY = YES;
				CLANG_WARN_ENUM_CONVERSION = YES;
				CLANG_WARN_INFINITE_RECURSION = YES;
				CLANG_WARN_INT_CONVERSION = YES;
				CLANG_WARN_NON_LITERAL_NULL_CONVERSION = YES;
				CLANG_WARN_OBJC_IMPLICIT_RETAIN_SELF = YES;
				CLANG_WARN_OBJC_LITERAL_CONVERSION = YES;
				CLANG_WARN_OBJC_ROOT_CLASS = YES_ERROR;
				CLANG_WARN_QUOTED_INCLUDE_IN_FRAMEWORK_HEADER = YES;
				CLANG_WARN_RANGE_LOOP_ANALYSIS = YES;
				CLANG_WARN_STRICT_PROTOTYPES = YES;
				CLANG_WARN_SUSPICIOUS_MOVE = YES;
				CLANG_WARN_UNGUARDED_AVAILABILITY = YES_AGGRESSIVE;
				CLANG_WARN_UNREACHABLE_CODE = YES;
				CLANG_WARN__DUPLICATE_METHOD_MATCH = YES;
				COPY_PHASE_STRIP = NO;
				DEBUG_INFORMATION_FORMAT = dwarf;
				DEVELOPMENT_TEAM = D4YXK8498W;
				ENABLE_STRICT_OBJC_MSGSEND = YES;
				ENABLE_TESTABILITY = YES;
				ENABLE_USER_SCRIPT_SANDBOXING = YES;
				GCC_C_LANGUAGE_STANDARD = gnu17;
				GCC_DYNAMIC_NO_PIC = NO;
				GCC_NO_COMMON_BLOCKS = YES;
				GCC_OPTIMIZATION_LEVEL = 0;
				GCC_PREPROCESSOR_DEFINITIONS = (
					"DEBUG=1",
					"$(inherited)",
				);
				GCC_WARN_64_TO_32_BIT_CONVERSION = YES;
				GCC_WARN_ABOUT_RETURN_TYPE = YES_ERROR;
				GCC_WARN_UNDECLARED_SELECTOR = YES;
				GCC_WARN_UNINITIALIZED_AUTOS = YES_AGGRESSIVE;
				GCC_WARN_UNUSED_FUNCTION = YES;
				GCC_WARN_UNUSED_VARIABLE = YES;
				IPHONEOS_DEPLOYMENT_TARGET = 26.2;
				LOCALIZATION_PREFERS_STRING_CATALOGS = YES;
				MTL_ENABLE_DEBUG_INFO = INCLUDE_SOURCE;
				MTL_FAST_MATH = YES;
				ONLY_ACTIVE_ARCH = YES;
				SDKROOT = iphoneos;
				SWIFT_ACTIVE_COMPILATION_CONDITIONS = "DEBUG $(inherited)";
				SWIFT_OPTIMIZATION_LEVEL = "-Onone";
			};
			name = Debug;
		};
		8BF766CA2F70EBA6005796BB /* Release */ = {
			isa = XCBuildConfiguration;
			buildSettings = {
				ALWAYS_SEARCH_USER_PATHS = NO;
				ASSETCATALOG_COMPILER_GENERATE_SWIFT_ASSET_SYMBOL_EXTENSIONS = YES;
				CLANG_ANALYZER_NONNULL = YES;
				CLANG_ANALYZER_NUMBER_OBJECT_CONVERSION = YES_AGGRESSIVE;
				CLANG_CXX_LANGUAGE_STANDARD = "gnu++20";
				CLANG_ENABLE_MODULES = YES;
				CLANG_ENABLE_OBJC_ARC = YES;
				CLANG_ENABLE_OBJC_WEAK = YES;
				CLANG_WARN_BLOCK_CAPTURE_AUTORELEASING = YES;
				CLANG_WARN_BOOL_CONVERSION = YES;
				CLANG_WARN_COMMA = YES;
				CLANG_WARN_CONSTANT_CONVERSION = YES;
				CLANG_WARN_DEPRECATED_OBJC_IMPLEMENTATIONS = YES;
				CLANG_WARN_DIRECT_OBJC_ISA_USAGE = YES_ERROR;
				CLANG_WARN_DOCUMENTATION_COMMENTS = YES;
				CLANG_WARN_EMPTY_BODY = YES;
				CLANG_WARN_ENUM_CONVERSION = YES;
				CLANG_WARN_INFINITE_RECURSION = YES;
				CLANG_WARN_INT_CONVERSION = YES;
				CLANG_WARN_NON_LITERAL_NULL_CONVERSION = YES;
				CLANG_WARN_OBJC_IMPLICIT_RETAIN_SELF = YES;
				CLANG_WARN_OBJC_LITERAL_CONVERSION = YES;
				CLANG_WARN_OBJC_ROOT_CLASS = YES_ERROR;
				CLANG_WARN_QUOTED_INCLUDE_IN_FRAMEWORK_HEADER = YES;
				CLANG_WARN_RANGE_LOOP_ANALYSIS = YES;
				CLANG_WARN_STRICT_PROTOTYPES = YES;
				CLANG_WARN_SUSPICIOUS_MOVE = YES;
				CLANG_WARN_UNGUARDED_AVAILABILITY = YES_AGGRESSIVE;
				CLANG_WARN_UNREACHABLE_CODE = YES;
				CLANG_WARN__DUPLICATE_METHOD_MATCH = YES;
				COPY_PHASE_STRIP = NO;
				DEBUG_INFORMATION_FORMAT = "dwarf-with-dsym";
				DEVELOPMENT_TEAM = D4YXK8498W;
				ENABLE_NS_ASSERTIONS = NO;
				ENABLE_STRICT_OBJC_MSGSEND = YES;
				ENABLE_USER_SCRIPT_SANDBOXING = YES;
				GCC_C_LANGUAGE_STANDARD = gnu17;
				GCC_NO_COMMON_BLOCKS = YES;
				GCC_WARN_64_TO_32_BIT_CONVERSION = YES;
				GCC_WARN_ABOUT_RETURN_TYPE = YES_ERROR;
				GCC_WARN_UNDECLARED_SELECTOR = YES;
				GCC_WARN_UNINITIALIZED_AUTOS = YES_AGGRESSIVE;
				GCC_WARN_UNUSED_FUNCTION = YES;
				GCC_WARN_UNUSED_VARIABLE = YES;
				IPHONEOS_DEPLOYMENT_TARGET = 26.2;
				LOCALIZATION_PREFERS_STRING_CATALOGS = YES;
				MTL_ENABLE_DEBUG_INFO = NO;
				MTL_FAST_MATH = YES;
				SDKROOT = iphoneos;
				SWIFT_COMPILATION_MODE = wholemodule;
				VALIDATE_PRODUCT = YES;
			};
			name = Release;
		};
		8BF766CC2F70EBA6005796BB /* Debug */ = {
			isa = XCBuildConfiguration;
			buildSettings = {
				ASSETCATALOG_COMPILER_APPICON_NAME = AppIcon;
				ASSETCATALOG_COMPILER_GLOBAL_ACCENT_COLOR_NAME = AccentColor;
				CODE_SIGN_STYLE = Automatic;
				CURRENT_PROJECT_VERSION = 1;
				DEVELOPMENT_TEAM = D4YXK8498W;
				ENABLE_PREVIEWS = YES;
				GENERATE_INFOPLIST_FILE = YES;
				INFOPLIST_KEY_UIApplicationSceneManifest_Generation = YES;
				INFOPLIST_KEY_UIApplicationSupportsIndirectInputEvents = YES;
				INFOPLIST_KEY_UILaunchScreen_Generation = YES;
				INFOPLIST_KEY_UISupportedInterfaceOrientations_iPad = "UIInterfaceOrientationPortrait UIInterfaceOrientationPortraitUpsideDown UIInterfaceOrientationLandscapeLeft UIInterfaceOrientationLandscapeRight";
				INFOPLIST_KEY_UISupportedInterfaceOrientations_iPhone = "UIInterfaceOrientationPortrait UIInterfaceOrientationLandscapeLeft UIInterfaceOrientationLandscapeRight";
				LD_RUNPATH_SEARCH_PATHS = (
					"$(inherited)",
					"@executable_path/Frameworks",
				);
				MARKETING_VERSION = 1.0;
				PRODUCT_BUNDLE_IDENTIFIER = Test.HumanBodyAnalysis;
				PRODUCT_NAME = "$(TARGET_NAME)";
				STRING_CATALOG_GENERATE_SYMBOLS = YES;
				SWIFT_APPROACHABLE_CONCURRENCY = YES;
				SWIFT_DEFAULT_ACTOR_ISOLATION = MainActor;
				SWIFT_EMIT_LOC_STRINGS = YES;
				SWIFT_UPCOMING_FEATURE_MEMBER_IMPORT_VISIBILITY = YES;
				SWIFT_VERSION = 5.0;
				TARGETED_DEVICE_FAMILY = "1,2";
			};
			name = Debug;
		};
		8BF766CD2F70EBA6005796BB /* Release */ = {
			isa = XCBuildConfiguration;
			buildSettings = {
				ASSETCATALOG_COMPILER_APPICON_NAME = AppIcon;
				ASSETCATALOG_COMPILER_GLOBAL_ACCENT_COLOR_NAME = AccentColor;
				CODE_SIGN_STYLE = Automatic;
				CURRENT_PROJECT_VERSION = 1;
				DEVELOPMENT_TEAM = D4YXK8498W;
				ENABLE_PREVIEWS = YES;
				GENERATE_INFOPLIST_FILE = YES;
				INFOPLIST_KEY_UIApplicationSceneManifest_Generation = YES;
				INFOPLIST_KEY_UIApplicationSupportsIndirectInputEvents = YES;
				INFOPLIST_KEY_UILaunchScreen_Generation = YES;
				INFOPLIST_KEY_UISupportedInterfaceOrientations_iPad = "UIInterfaceOrientationPortrait UIInterfaceOrientationPortraitUpsideDown UIInterfaceOrientationLandscapeLeft UIInterfaceOrientationLandscapeRight";
				INFOPLIST_KEY_UISupportedInterfaceOrientations_iPhone = "UIInterfaceOrientationPortrait UIInterfaceOrientationLandscapeLeft UIInterfaceOrientationLandscapeRight";
				LD_RUNPATH_SEARCH_PATHS = (
					"$(inherited)",
					"@executable_path/Frameworks",
				);
				MARKETING_VERSION = 1.0;
				PRODUCT_BUNDLE_IDENTIFIER = Test.HumanBodyAnalysis;
				PRODUCT_NAME = "$(TARGET_NAME)";
				STRING_CATALOG_GENERATE_SYMBOLS = YES;
				SWIFT_APPROACHABLE_CONCURRENCY = YES;
				SWIFT_DEFAULT_ACTOR_ISOLATION = MainActor;
				SWIFT_EMIT_LOC_STRINGS = YES;
				SWIFT_UPCOMING_FEATURE_MEMBER_IMPORT_VISIBILITY = YES;
				SWIFT_VERSION = 5.0;
				TARGETED_DEVICE_FAMILY = "1,2";
			};
			name = Release;
		};
		8BF766CF2F70EBA6005796BB /* Debug */ = {
			isa = XCBuildConfiguration;
			buildSettings = {
				BUNDLE_LOADER = "$(TEST_HOST)";
				CODE_SIGN_STYLE = Automatic;
				CURRENT_PROJECT_VERSION = 1;
				DEVELOPMENT_TEAM = D4YXK8498W;
				GENERATE_INFOPLIST_FILE = YES;
				IPHONEOS_DEPLOYMENT_TARGET = 26.2;
				MARKETING_VERSION = 1.0;
				PRODUCT_BUNDLE_IDENTIFIER = Test.HumanBodyAnalysis6RaiseHandsTests;
				PRODUCT_NAME = "$(TARGET_NAME)";
				STRING_CATALOG_GENERATE_SYMBOLS = NO;
				SWIFT_APPROACHABLE_CONCURRENCY = YES;
				SWIFT_EMIT_LOC_STRINGS = NO;
				SWIFT_UPCOMING_FEATURE_MEMBER_IMPORT_VISIBILITY = YES;
				SWIFT_VERSION = 5.0;
				TARGETED_DEVICE_FAMILY = "1,2";
				TEST_HOST = "$(BUILT_PRODUCTS_DIR)/HumanBodyAnalysis6RaiseHands.app/$(BUNDLE_EXECUTABLE_FOLDER_PATH)/HumanBodyAnalysis6RaiseHands";
			};
			name = Debug;
		};
		8BF766D02F70EBA6005796BB /* Release */ = {
			isa = XCBuildConfiguration;
			buildSettings = {
				BUNDLE_LOADER = "$(TEST_HOST)";
				CODE_SIGN_STYLE = Automatic;
				CURRENT_PROJECT_VERSION = 1;
				DEVELOPMENT_TEAM = D4YXK8498W;
				GENERATE_INFOPLIST_FILE = YES;
				IPHONEOS_DEPLOYMENT_TARGET = 26.2;
				MARKETING_VERSION = 1.0;
				PRODUCT_BUNDLE_IDENTIFIER = Test.HumanBodyAnalysis6RaiseHandsTests;
				PRODUCT_NAME = "$(TARGET_NAME)";
				STRING_CATALOG_GENERATE_SYMBOLS = NO;
				SWIFT_APPROACHABLE_CONCURRENCY = YES;
				SWIFT_EMIT_LOC_STRINGS = NO;
				SWIFT_UPCOMING_FEATURE_MEMBER_IMPORT_VISIBILITY = YES;
				SWIFT_VERSION = 5.0;
				TARGETED_DEVICE_FAMILY = "1,2";
				TEST_HOST = "$(BUILT_PRODUCTS_DIR)/HumanBodyAnalysis6RaiseHands.app/$(BUNDLE_EXECUTABLE_FOLDER_PATH)/HumanBodyAnalysis6RaiseHands";
			};
			name = Release;
		};
		8BF766D22F70EBA6005796BB /* Debug */ = {
			isa = XCBuildConfiguration;
			buildSettings = {
				CODE_SIGN_STYLE = Automatic;
				CURRENT_PROJECT_VERSION = 1;
				DEVELOPMENT_TEAM = D4YXK8498W;
				GENERATE_INFOPLIST_FILE = YES;
				MARKETING_VERSION = 1.0;
				PRODUCT_BUNDLE_IDENTIFIER = Test.HumanBodyAnalysis6RaiseHandsUITests;
				PRODUCT_NAME = "$(TARGET_NAME)";
				STRING_CATALOG_GENERATE_SYMBOLS = NO;
				SWIFT_APPROACHABLE_CONCURRENCY = YES;
				SWIFT_EMIT_LOC_STRINGS = NO;
				SWIFT_UPCOMING_FEATURE_MEMBER_IMPORT_VISIBILITY = YES;
				SWIFT_VERSION = 5.0;
				TARGETED_DEVICE_FAMILY = "1,2";
				TEST_TARGET_NAME = HumanBodyAnalysis6RaiseHands;
			};
			name = Debug;
		};
		8BF766D32F70EBA6005796BB /* Release */ = {
			isa = XCBuildConfiguration;
			buildSettings = {
				CODE_SIGN_STYLE = Automatic;
				CURRENT_PROJECT_VERSION = 1;
				DEVELOPMENT_TEAM = D4YXK8498W;
				GENERATE_INFOPLIST_FILE = YES;
				MARKETING_VERSION = 1.0;
				PRODUCT_BUNDLE_IDENTIFIER = Test.HumanBodyAnalysis6RaiseHandsUITests;
				PRODUCT_NAME = "$(TARGET_NAME)";
				STRING_CATALOG_GENERATE_SYMBOLS = NO;
				SWIFT_APPROACHABLE_CONCURRENCY = YES;
				SWIFT_EMIT_LOC_STRINGS = NO;
				SWIFT_UPCOMING_FEATURE_MEMBER_IMPORT_VISIBILITY = YES;
				SWIFT_VERSION = 5.0;
				TARGETED_DEVICE_FAMILY = "1,2";
				TEST_TARGET_NAME = HumanBodyAnalysis6RaiseHands;
			};
			name = Release;
		};
/* End XCBuildConfiguration section */

/* Begin XCConfigurationList section */
		8BF766A52F70EBA4005796BB /* Build configuration list for PBXProject "HumanBodyAnalysis6RaiseHands" */ = {
			isa = XCConfigurationList;
			buildConfigurations = (
				8BF766C92F70EBA6005796BB /* Debug */,
				8BF766CA2F70EBA6005796BB /* Release */,
			);
			defaultConfigurationIsVisible = 0;
			defaultConfigurationName = Release;
		};
		8BF766CB2F70EBA6005796BB /* Build configuration list for PBXNativeTarget "HumanBodyAnalysis6RaiseHands" */ = {
			isa = XCConfigurationList;
			buildConfigurations = (
				8BF766CC2F70EBA6005796BB /* Debug */,
				8BF766CD2F70EBA6005796BB /* Release */,
			);
			defaultConfigurationIsVisible = 0;
			defaultConfigurationName = Release;
		};
		8BF766CE2F70EBA6005796BB /* Build configuration list for PBXNativeTarget "HumanBodyAnalysis6RaiseHandsTests" */ = {
			isa = XCConfigurationList;
			buildConfigurations = (
				8BF766CF2F70EBA6005796BB /* Debug */,
				8BF766D02F70EBA6005796BB /* Release */,
			);
			defaultConfigurationIsVisible = 0;
			defaultConfigurationName = Release;
		};
		8BF766D12F70EBA6005796BB /* Build configuration list for PBXNativeTarget "HumanBodyAnalysis6RaiseHandsUITests" */ = {
			isa = XCConfigurationList;
			buildConfigurations = (
				8BF766D22F70EBA6005796BB /* Debug */,
				8BF766D32F70EBA6005796BB /* Release */,
			);
			defaultConfigurationIsVisible = 0;
			defaultConfigurationName = Release;
		};
/* End XCConfigurationList section */
	};
	rootObject = 8BF766A22F70EBA4005796BB /* Project object */;
}
